// !$*UTF8*$!
{
	archiveVersion = 1;
	classes = {
	};
	objectVersion = 56;
	objects = {

/* Begin PBXBuildFile section */
		98A17C8329D7E2A1004C1046 /* TestUrlApp.swift in Sources */ = {isa = PBXBuildFile; fileRef = 98A17C8229D7E2A1004C1046 /* TestUrlApp.swift */; };
		98A17C8529D7E2A1004C1046 /* ContentView.swift in Sources */ = {isa = PBXBuildFile; fileRef = 98A17C8429D7E2A1004C1046 /* ContentView.swift */; };
		98A17C8729D7E2A3004C1046 /* Assets.xcassets in Resources */ = {isa = PBXBuildFile; fileRef = 98A17C8629D7E2A3004C1046 /* Assets.xcassets */; };
		98A17C8B29D7E2A3004C1046 /* Preview Assets.xcassets in Resources */ = {isa = PBXBuildFile; fileRef = 98A17C8A29D7E2A3004C1046 /* Preview Assets.xcassets */; };
		98A17C9529D7E2A3004C1046 /* TestUrlTests.swift in Sources */ = {isa = PBXBuildFile; fileRef = 98A17C9429D7E2A3004C1046 /* TestUrlTests.swift */; };
		98A17C9F29D7E2A3004C1046 /* TestUrlUITests.swift in Sources */ = {isa = PBXBuildFile; fileRef = 98A17C9E29D7E2A3004C1046 /* TestUrlUITests.swift */; };
		98A17CA129D7E2A3004C1046 /* TestUrlUITestsLaunchTests.swift in Sources */ = {isa = PBXBuildFile; fileRef = 98A17CA029D7E2A3004C1046 /* TestUrlUITestsLaunchTests.swift */; };
/* End PBXBuildFile section */

/* Begin PBXContainerItemProxy section */
		98A17C9129D7E2A3004C1046 /* PBXContainerItemProxy */ = {
			isa = PBXContainerItemProxy;
			containerPortal = 98A17C7729D7E2A1004C1046 /* Project object */;
			proxyType = 1;
			remoteGlobalIDString = 98A17C7E29D7E2A1004C1046;
			remoteInfo = TestUrl;
		};
		98A17C9B29D7E2A3004C1046 /* PBXContainerItemProxy */ = {
			isa = PBXContainerItemProxy;
			containerPortal = 98A17C7729D7E2A1004C1046 /* Project object */;
			proxyType = 1;
			remoteGlobalIDString = 98A17C7E29D7E2A1004C1046;
			remoteInfo = TestUrl;
		};
/* End PBXContainerItemProxy section */

/* Begin PBXFileReference section */
		98A17C7F29D7E2A1004C1046 /* TestUrl.app */ = {isa = PBXFileReference; explicitFileType = wrapper.application; includeInIndex = 0; path = TestUrl.app; sourceTree = BUILT_PRODUCTS_DIR; };
		98A17C8229D7E2A1004C1046 /* TestUrlApp.swift */ = {isa = PBXFileReference; lastKnownFileType = sourcecode.swift; path = TestUrlApp.swift; sourceTree = "<group>"; };
		98A17C8429D7E2A1004C1046 /* ContentView.swift */ = {isa = PBXFileReference; lastKnownFileType = sourcecode.swift; path = ContentView.swift; sourceTree = "<group>"; };
		98A17C8629D7E2A3004C1046 /* Assets.xcassets */ = {isa = PBXFileReference; lastKnownFileType = folder.assetcatalog; path = Assets.xcassets; sourceTree = "<group>"; };
		98A17C8829D7E2A3004C1046 /* TestUrl.entitlements */ = {isa = PBXFileReference; lastKnownFileType = text.plist.entitlements; path = TestUrl.entitlements; sourceTree = "<group>"; };
		98A17C8A29D7E2A3004C1046 /* Preview Assets.xcassets */ = {isa = PBXFileReference; lastKnownFileType = folder.assetcatalog; path = "Preview Assets.xcassets"; sourceTree = "<group>"; };
		98A17C9029D7E2A3004C1046 /* TestUrlTests.xctest */ = {isa = PBXFileReference; explicitFileType = wrapper.cfbundle; includeInIndex = 0; path = TestUrlTests.xctest; sourceTree = BUILT_PRODUCTS_DIR; };
		98A17C9429D7E2A3004C1046 /* TestUrlTests.swift */ = {isa = PBXFileReference; lastKnownFileType = sourcecode.swift; path = TestUrlTests.swift; sourceTree = "<group>"; };
		98A17C9A29D7E2A3004C1046 /* TestUrlUITests.xctest */ = {isa = PBXFileReference; explicitFileType = wrapper.cfbundle; includeInIndex = 0; path = TestUrlUITests.xctest; sourceTree = BUILT_PRODUCTS_DIR; };
		98A17C9E29D7E2A3004C1046 /* TestUrlUITests.swift */ = {isa = PBXFileReference; lastKnownFileType = sourcecode.swift; path = TestUrlUITests.swift; sourceTree = "<group>"; };
		98A17CA029D7E2A3004C1046 /* TestUrlUITestsLaunchTests.swift */ = {isa = PBXFileReference; lastKnownFileType = sourcecode.swift; path = TestUrlUITestsLaunchTests.swift; sourceTree = "<group>"; };
/* End PBXFileReference section */

/* Begin PBXFrameworksBuildPhase section */
		98A17C7C29D7E2A1004C1046 /* Frameworks */ = {
			isa = PBXFrameworksBuildPhase;
			buildActionMask = 2147483647;
			files = (
			);
			runOnlyForDeploymentPostprocessing = 0;
		};
		98A17C8D29D7E2A3004C1046 /* Frameworks */ = {
			isa = PBXFrameworksBuildPhase;
			buildActionMask = 2147483647;
			files = (
			);
			runOnlyForDeploymentPostprocessing = 0;
		};
		98A17C9729D7E2A3004C1046 /* Frameworks */ = {
			isa = PBXFrameworksBuildPhase;
			buildActionMask = 2147483647;
			files = (
			);
			runOnlyForDeploymentPostprocessing = 0;
		};
/* End PBXFrameworksBuildPhase section */

/* Begin PBXGroup section */
		98A17C7629D7E2A1004C1046 = {
			isa = PBXGroup;
			children = (
				98A17C8129D7E2A1004C1046 /* TestUrl */,
				98A17C9329D7E2A3004C1046 /* TestUrlTests */,
				98A17C9D29D7E2A3004C1046 /* TestUrlUITests */,
				98A17C8029D7E2A1004C1046 /* Products */,
			);
			sourceTree = "<group>";
		};
		98A17C8029D7E2A1004C1046 /* Products */ = {
			isa = PBXGroup;
			children = (
				98A17C7F29D7E2A1004C1046 /* TestUrl.app */,
				98A17C9029D7E2A3004C1046 /* TestUrlTests.xctest */,
				98A17C9A29D7E2A3004C1046 /* TestUrlUITests.xctest */,
			);
			name = Products;
			sourceTree = "<group>";
		};
		98A17C8129D7E2A1004C1046 /* TestUrl */ = {
			isa = PBXGroup;
			children = (
				98A17C8229D7E2A1004C1046 /* TestUrlApp.swift */,
				98A17C8429D7E2A1004C1046 /* ContentView.swift */,
				98A17C8629D7E2A3004C1046 /* Assets.xcassets */,
				98A17C8829D7E2A3004C1046 /* TestUrl.entitlements */,
				98A17C8929D7E2A3004C1046 /* Preview Content */,
			);
			path = TestUrl;
			sourceTree = "<group>";
		};
		98A17C8929D7E2A3004C1046 /* Preview Content */ = {
			isa = PBXGroup;
			children = (
				98A17C8A29D7E2A3004C1046 /* Preview Assets.xcassets */,
			);
			path = "Preview Content";
			sourceTree = "<group>";
		};
		98A17C9329D7E2A3004C1046 /* TestUrlTests */ = {
			isa = PBXGroup;
			children = (
				98A17C9429D7E2A3004C1046 /* TestUrlTests.swift */,
			);
			path = TestUrlTests;
			sourceTree = "<group>";
		};
		98A17C9D29D7E2A3004C1046 /* TestUrlUITests */ = {
			isa = PBXGroup;
			children = (
				98A17C9E29D7E2A3004C1046 /* TestUrlUITests.swift */,
				98A17CA029D7E2A3004C1046 /* TestUrlUITestsLaunchTests.swift */,
			);
			path = TestUrlUITests;
			sourceTree = "<group>";
		};
/* End PBXGroup section */

/* Begin PBXNativeTarget section */
		98A17C7E29D7E2A1004C1046 /* TestUrl */ = {
			isa = PBXNativeTarget;
			buildConfigurationList = 98A17CA429D7E2A3004C1046 /* Build configuration list for PBXNativeTarget "TestUrl" */;
			buildPhases = (
				98A17C7B29D7E2A1004C1046 /* Sources */,
				98A17C7C29D7E2A1004C1046 /* Frameworks */,
				98A17C7D29D7E2A1004C1046 /* Resources */,
			);
			buildRules = (
			);
			dependencies = (
			);
			name = TestUrl;
			productName = TestUrl;
			productReference = 98A17C7F29D7E2A1004C1046 /* TestUrl.app */;
			productType = "com.apple.product-type.application";
		};
		98A17C8F29D7E2A3004C1046 /* TestUrlTests */ = {
			isa = PBXNativeTarget;
			buildConfigurationList = 98A17CA729D7E2A3004C1046 /* Build configuration list for PBXNativeTarget "TestUrlTests" */;
			buildPhases = (
				98A17C8C29D7E2A3004C1046 /* Sources */,
				98A17C8D29D7E2A3004C1046 /* Frameworks */,
				98A17C8E29D7E2A3004C1046 /* Resources */,
			);
			buildRules = (
			);
			dependencies = (
				98A17C9229D7E2A3004C1046 /* PBXTargetDependency */,
			);
			name = TestUrlTests;
			productName = TestUrlTests;
			productReference = 98A17C9029D7E2A3004C1046 /* TestUrlTests.xctest */;
			productType = "com.apple.product-type.bundle.unit-test";
		};
		98A17C9929D7E2A3004C1046 /* TestUrlUITests */ = {
			isa = PBXNativeTarget;
			buildConfigurationList = 98A17CAA29D7E2A3004C1046 /* Build configuration list for PBXNativeTarget "TestUrlUITests" */;
			buildPhases = (
				98A17C9629D7E2A3004C1046 /* Sources */,
				98A17C9729D7E2A3004C1046 /* Frameworks */,
				98A17C9829D7E2A3004C1046 /* Resources */,
			);
			buildRules = (
			);
			dependencies = (
				98A17C9C29D7E2A3004C1046 /* PBXTargetDependency */,
			);
			name = TestUrlUITests;
			productName = TestUrlUITests;
			productReference = 98A17C9A29D7E2A3004C1046 /* TestUrlUITests.xctest */;
			productType = "com.apple.product-type.bundle.ui-testing";
		};
/* End PBXNativeTarget section */

/* Begin PBXProject section */
		98A17C7729D7E2A1004C1046 /* Project object */ = {
			isa = PBXProject;
			attributes = {
				BuildIndependentTargetsInParallel = 1;
				LastSwiftUpdateCheck = 1400;
				LastUpgradeCheck = 1400;
				TargetAttributes = {
					98A17C7E29D7E2A1004C1046 = {
						CreatedOnToolsVersion = 14.0.1;
					};
					98A17C8F29D7E2A3004C1046 = {
						CreatedOnToolsVersion = 14.0.1;
						TestTargetID = 98A17C7E29D7E2A1004C1046;
					};
					98A17C9929D7E2A3004C1046 = {
						CreatedOnToolsVersion = 14.0.1;
						TestTargetID = 98A17C7E29D7E2A1004C1046;
					};
				};
			};
			buildConfigurationList = 98A17C7A29D7E2A1004C1046 /* Build configuration list for PBXProject "TestUrl" */;
			compatibilityVersion = "Xcode 14.0";
			developmentRegion = en;
			hasScannedForEncodings = 0;
			knownRegions = (
				en,
				Base,
			);
			mainGroup = 98A17C7629D7E2A1004C1046;
			productRefGroup = 98A17C8029D7E2A1004C1046 /* Products */;
			projectDirPath = "";
			projectRoot = "";
			targets = (
				98A17C7E29D7E2A1004C1046 /* TestUrl */,
				98A17C8F29D7E2A3004C1046 /* TestUrlTests */,
				98A17C9929D7E2A3004C1046 /* TestUrlUITests */,
			);
		};
/* End PBXProject section */

/* Begin PBXResourcesBuildPhase section */
		98A17C7D29D7E2A1004C1046 /* Resources */ = {
			isa = PBXResourcesBuildPhase;
			buildActionMask = 2147483647;
			files = (
				98A17C8B29D7E2A3004C1046 /* Preview Assets.xcassets in Resources */,
				98A17C8729D7E2A3004C1046 /* Assets.xcassets in Resources */,
			);
			runOnlyForDeploymentPostprocessing = 0;
		};
		98A17C8E29D7E2A3004C1046 /* Resources */ = {
			isa = PBXResourcesBuildPhase;
			buildActionMask = 2147483647;
			files = (
			);
			runOnlyForDeploymentPostprocessing = 0;
		};
		98A17C9829D7E2A3004C1046 /* Resources */ = {
			isa = PBXResourcesBuildPhase;
			buildActionMask = 2147483647;
			files = (
			);
			runOnlyForDeploymentPostprocessing = 0;
		};
/* End PBXResourcesBuildPhase section */

/* Begin PBXSourcesBuildPhase section */
		98A17C7B29D7E2A1004C1046 /* Sources */ = {
			isa = PBXSourcesBuildPhase;
			buildActionMask = 2147483647;
			files = (
				98A17C8529D7E2A1004C1046 /* ContentView.swift in Sources */,
				98A17C8329D7E2A1004C1046 /* TestUrlApp.swift in Sources */,
			);
			runOnlyForDeploymentPostprocessing = 0;
		};
		98A17C8C29D7E2A3004C1046 /* Sources */ = {
			isa = PBXSourcesBuildPhase;
			buildActionMask = 2147483647;
			files = (
				98A17C9529D7E2A3004C1046 /* TestUrlTests.swift in Sources */,
			);
			runOnlyForDeploymentPostprocessing = 0;
		};
		98A17C9629D7E2A3004C1046 /* Sources */ = {
			isa = PBXSourcesBuildPhase;
			buildActionMask = 2147483647;
			files = (
				98A17CA129D7E2A3004C1046 /* TestUrlUITestsLaunchTests.swift in Sources */,
				98A17C9F29D7E2A3004C1046 /* TestUrlUITests.swift in Sources */,
			);
			runOnlyForDeploymentPostprocessing = 0;
		};
/* End PBXSourcesBuildPhase section */

/* Begin PBXTargetDependency section */
		98A17C9229D7E2A3004C1046 /* PBXTargetDependency */ = {
			isa = PBXTargetDependency;
			target = 98A17C7E29D7E2A1004C1046 /* TestUrl */;
			targetProxy = 98A17C9129D7E2A3004C1046 /* PBXContainerItemProxy */;
		};
		98A17C9C29D7E2A3004C1046 /* PBXTargetDependency */ = {
			isa = PBXTargetDependency;
			target = 98A17C7E29D7E2A1004C1046 /* TestUrl */;
			targetProxy = 98A17C9B29D7E2A3004C1046 /* PBXContainerItemProxy */;
		};
/* End PBXTargetDependency section */

/* Begin XCBuildConfiguration section */
		98A17CA229D7E2A3004C1046 /* Debug */ = {
			isa = XCBuildConfiguration;
			buildSettings = {
				ALWAYS_SEARCH_USER_PATHS = NO;
				CLANG_ANALYZER_NONNULL = YES;
				CLANG_ANALYZER_NUMBER_OBJECT_CONVERSION = YES_AGGRESSIVE;
				CLANG_CXX_LANGUAGE_STANDARD = "gnu++20";
				CLANG_ENABLE_MODULES = YES;
				CLANG_ENABLE_OBJC_ARC = YES;
				CLANG_ENABLE_OBJC_WEAK = YES;
				CLANG_WARN_BLOCK_CAPTURE_AUTORELEASING = YES;
				CLANG_WARN_BOOL_CONVERSION = YES;
				CLANG_WARN_COMMA = YES;
				CLANG_WARN_CONSTANT_CONVERSION = YES;
				CLANG_WARN_DEPRECATED_OBJC_IMPLEMENTATIONS = YES;
				CLANG_WARN_DIRECT_OBJC_ISA_USAGE = YES_ERROR;
				CLANG_WARN_DOCUMENTATION_COMMENTS = YES;
				CLANG_WARN_EMPTY_BODY = YES;
				CLANG_WARN_ENUM_CONVERSION = YES;
				CLANG_WARN_INFINITE_RECURSION = YES;
				CLANG_WARN_INT_CONVERSION = YES;
				CLANG_WARN_NON_LITERAL_NULL_CONVERSION = YES;
				CLANG_WARN_OBJC_IMPLICIT_RETAIN_SELF = YES;
				CLANG_WARN_OBJC_LITERAL_CONVERSION = YES;
				CLANG_WARN_OBJC_ROOT_CLASS = YES_ERROR;
				CLANG_WARN_QUOTED_INCLUDE_IN_FRAMEWORK_HEADER = YES;
				CLANG_WARN_RANGE_LOOP_ANALYSIS = YES;
				CLANG_WARN_STRICT_PROTOTYPES = YES;
				CLANG_WARN_SUSPICIOUS_MOVE = YES;
				CLANG_WARN_UNGUARDED_AVAILABILITY = YES_AGGRESSIVE;
				CLANG_WARN_UNREACHABLE_CODE = YES;
				CLANG_WARN__DUPLICATE_METHOD_MATCH = YES;
				COPY_PHASE_STRIP = NO;
				DEBUG_INFORMATION_FORMAT = dwarf;
				ENABLE_STRICT_OBJC_MSGSEND = YES;
				ENABLE_TESTABILITY = YES;
				GCC_C_LANGUAGE_STANDARD = gnu11;
				GCC_DYNAMIC_NO_PIC = NO;
				GCC_NO_COMMON_BLOCKS = YES;
				GCC_OPTIMIZATION_LEVEL = 0;
				GCC_PREPROCESSOR_DEFINITIONS = (
					"DEBUG=1",
					"$(inherited)",
				);
				GCC_WARN_64_TO_32_BIT_CONVERSION = YES;
				GCC_WARN_ABOUT_RETURN_TYPE = YES_ERROR;
				GCC_WARN_UNDECLARED_SELECTOR = YES;
				GCC_WARN_UNINITIALIZED_AUTOS = YES_AGGRESSIVE;
				GCC_WARN_UNUSED_FUNCTION = YES;
				GCC_WARN_UNUSED_VARIABLE = YES;
				MTL_ENABLE_DEBUG_INFO = INCLUDE_SOURCE;
				MTL_FAST_MATH = YES;
				ONLY_ACTIVE_ARCH = YES;
				SWIFT_ACTIVE_COMPILATION_CONDITIONS = DEBUG;
				SWIFT_OPTIMIZATION_LEVEL = "-Onone";
			};
			name = Debug;
		};
		98A17CA329D7E2A3004C1046 /* Release */ = {
			isa = XCBuildConfiguration;
			buildSettings = {
				ALWAYS_SEARCH_USER_PATHS = NO;
				CLANG_ANALYZER_NONNULL = YES;
				CLANG_ANALYZER_NUMBER_OBJECT_CONVERSION = YES_AGGRESSIVE;
				CLANG_CXX_LANGUAGE_STANDARD = "gnu++20";
				CLANG_ENABLE_MODULES = YES;
				CLANG_ENABLE_OBJC_ARC = YES;
				CLANG_ENABLE_OBJC_WEAK = YES;
				CLANG_WARN_BLOCK_CAPTURE_AUTORELEASING = YES;
				CLANG_WARN_BOOL_CONVERSION = YES;
				CLANG_WARN_COMMA = YES;
				CLANG_WARN_CONSTANT_CONVERSION = YES;
				CLANG_WARN_DEPRECATED_OBJC_IMPLEMENTATIONS = YES;
				CLANG_WARN_DIRECT_OBJC_ISA_USAGE = YES_ERROR;
				CLANG_WARN_DOCUMENTATION_COMMENTS = YES;
				CLANG_WARN_EMPTY_BODY = YES;
				CLANG_WARN_ENUM_CONVERSION = YES;
				CLANG_WARN_INFINITE_RECURSION = YES;
				CLANG_WARN_INT_CONVERSION = YES;
				CLANG_WARN_NON_LITERAL_NULL_CONVERSION = YES;
				CLANG_WARN_OBJC_IMPLICIT_RETAIN_SELF = YES;
				CLANG_WARN_OBJC_LITERAL_CONVERSION = YES;
				CLANG_WARN_OBJC_ROOT_CLASS = YES_ERROR;
				CLANG_WARN_QUOTED_INCLUDE_IN_FRAMEWORK_HEADER = YES;
				CLANG_WARN_RANGE_LOOP_ANALYSIS = YES;
				CLANG_WARN_STRICT_PROTOTYPES = YES;
				CLANG_WARN_SUSPICIOUS_MOVE = YES;
				CLANG_WARN_UNGUARDED_AVAILABILITY = YES_AGGRESSIVE;
				CLANG_WARN_UNREACHABLE_CODE = YES;
				CLANG_WARN__DUPLICATE_METHOD_MATCH = YES;
				COPY_PHASE_STRIP = NO;
				DEBUG_INFORMATION_FORMAT = "dwarf-with-dsym";
				ENABLE_NS_ASSERTIONS = NO;
				ENABLE_STRICT_OBJC_MSGSEND = YES;
				GCC_C_LANGUAGE_STANDARD = gnu11;
				GCC_NO_COMMON_BLOCKS = YES;
				GCC_WARN_64_TO_32_BIT_CONVERSION = YES;
				GCC_WARN_ABOUT_RETURN_TYPE = YES_ERROR;
				GCC_WARN_UNDECLARED_SELECTOR = YES;
				GCC_WARN_UNINITIALIZED_AUTOS = YES_AGGRESSIVE;
				GCC_WARN_UNUSED_FUNCTION = YES;
				GCC_WARN_UNUSED_VARIABLE = YES;
				MTL_ENABLE_DEBUG_INFO = NO;
				MTL_FAST_MATH = YES;
				SWIFT_COMPILATION_MODE = wholemodule;
				SWIFT_OPTIMIZATION_LEVEL = "-O";
			};
			name = Release;
		};
		98A17CA529D7E2A3004C1046 /* Debug */ = {
			isa = XCBuildConfiguration;
			buildSettings = {
				ASSETCATALOG_COMPILER_APPICON_NAME = AppIcon;
				ASSETCATALOG_COMPILER_GLOBAL_ACCENT_COLOR_NAME = AccentColor;
				CODE_SIGN_ENTITLEMENTS = TestUrl/TestUrl.entitlements;
				CODE_SIGN_STYLE = Automatic;
				CURRENT_PROJECT_VERSION = 1;
				DEVELOPMENT_ASSET_PATHS = "\"TestUrl/Preview Content\"";
				DEVELOPMENT_TEAM = YVCLHPQGAW;
				ENABLE_HARDENED_RUNTIME = YES;
				ENABLE_PREVIEWS = YES;
				GENERATE_INFOPLIST_FILE = YES;
				"INFOPLIST_KEY_UIApplicationSceneManifest_Generation[sdk=iphoneos*]" = YES;
				"INFOPLIST_KEY_UIApplicationSceneManifest_Generation[sdk=iphonesimulator*]" = YES;
				"INFOPLIST_KEY_UIApplicationSupportsIndirectInputEvents[sdk=iphoneos*]" = YES;
				"INFOPLIST_KEY_UIApplicationSupportsIndirectInputEvents[sdk=iphonesimulator*]" = YES;
				"INFOPLIST_KEY_UILaunchScreen_Generation[sdk=iphoneos*]" = YES;
				"INFOPLIST_KEY_UILaunchScreen_Generation[sdk=iphonesimulator*]" = YES;
				"INFOPLIST_KEY_UIStatusBarStyle[sdk=iphoneos*]" = UIStatusBarStyleDefault;
				"INFOPLIST_KEY_UIStatusBarStyle[sdk=iphonesimulator*]" = UIStatusBarStyleDefault;
				INFOPLIST_KEY_UISupportedInterfaceOrientations_iPad = "UIInterfaceOrientationPortrait UIInterfaceOrientationPortraitUpsideDown UIInterfaceOrientationLandscapeLeft UIInterfaceOrientationLandscapeRight";
				INFOPLIST_KEY_UISupportedInterfaceOrientations_iPhone = "UIInterfaceOrientationPortrait UIInterfaceOrientationLandscapeLeft UIInterfaceOrientationLandscapeRight";
				IPHONEOS_DEPLOYMENT_TARGET = 16.0;
				LD_RUNPATH_SEARCH_PATHS = "@executable_path/Frameworks";
				"LD_RUNPATH_SEARCH_PATHS[sdk=macosx*]" = "@executable_path/../Frameworks";
				MACOSX_DEPLOYMENT_TARGET = 12.3;
				MARKETING_VERSION = 1.0;
				PRODUCT_BUNDLE_IDENTIFIER = TestUrl.com.TestUrl;
				PRODUCT_NAME = "$(TARGET_NAME)";
				SDKROOT = auto;
				SUPPORTED_PLATFORMS = "iphoneos iphonesimulator macosx";
				SWIFT_EMIT_LOC_STRINGS = YES;
				SWIFT_VERSION = 5.0;
				TARGETED_DEVICE_FAMILY = "1,2";
			};
			name = Debug;
		};
		98A17CA629D7E2A3004C1046 /* Release */ = {
			isa = XCBuildConfiguration;
			buildSettings = {
				ASSETCATALOG_COMPILER_APPICON_NAME = AppIcon;
				ASSETCATALOG_COMPILER_GLOBAL_ACCENT_COLOR_NAME = AccentColor;
				CODE_SIGN_ENTITLEMENTS = TestUrl/TestUrl.entitlements;
				CODE_SIGN_STYLE = Automatic;
				CURRENT_PROJECT_VERSION = 1;
				DEVELOPMENT_ASSET_PATHS = "\"TestUrl/Preview Content\"";
				DEVELOPMENT_TEAM = YVCLHPQGAW;
				ENABLE_HARDENED_RUNTIME = YES;
				ENABLE_PREVIEWS = YES;
				GENERATE_INFOPLIST_FILE = YES;
				"INFOPLIST_KEY_UIApplicationSceneManifest_Generation[sdk=iphoneos*]" = YES;
				"INFOPLIST_KEY_UIApplicationSceneManifest_Generation[sdk=iphonesimulator*]" = YES;
				"INFOPLIST_KEY_UIApplicationSupportsIndirectInputEvents[sdk=iphoneos*]" = YES;
				"INFOPLIST_KEY_UIApplicationSupportsIndirectInputEvents[sdk=iphonesimulator*]" = YES;
				"INFOPLIST_KEY_UILaunchScreen_Generation[sdk=iphoneos*]" = YES;
				"INFOPLIST_KEY_UILaunchScreen_Generation[sdk=iphonesimulator*]" = YES;
				"INFOPLIST_KEY_UIStatusBarStyle[sdk=iphoneos*]" = UIStatusBarStyleDefault;
				"INFOPLIST_KEY_UIStatusBarStyle[sdk=iphonesimulator*]" = UIStatusBarStyleDefault;
				INFOPLIST_KEY_UISupportedInterfaceOrientations_iPad = "UIInterfaceOrientationPortrait UIInterfaceOrientationPortraitUpsideDown UIInterfaceOrientationLandscapeLeft UIInterfaceOrientationLandscapeRight";
				INFOPLIST_KEY_UISupportedInterfaceOrientations_iPhone = "UIInterfaceOrientationPortrait UIInterfaceOrientationLandscapeLeft UIInterfaceOrientationLandscapeRight";
				IPHONEOS_DEPLOYMENT_TARGET = 16.0;
				LD_RUNPATH_SEARCH_PATHS = "@executable_path/Frameworks";
				"LD_RUNPATH_SEARCH_PATHS[sdk=macosx*]" = "@executable_path/../Frameworks";
				MACOSX_DEPLOYMENT_TARGET = 12.3;
				MARKETING_VERSION = 1.0;
				PRODUCT_BUNDLE_IDENTIFIER = TestUrl.com.TestUrl;
				PRODUCT_NAME = "$(TARGET_NAME)";
				SDKROOT = auto;
				SUPPORTED_PLATFORMS = "iphoneos iphonesimulator macosx";
				SWIFT_EMIT_LOC_STRINGS = YES;
				SWIFT_VERSION = 5.0;
				TARGETED_DEVICE_FAMILY = "1,2";
			};
			name = Release;
		};
		98A17CA829D7E2A3004C1046 /* Debug */ = {
			isa = XCBuildConfiguration;
			buildSettings = {
				ALWAYS_EMBED_SWIFT_STANDARD_LIBRARIES = YES;
				BUNDLE_LOADER = "$(TEST_HOST)";
				CODE_SIGN_STYLE = Automatic;
				CURRENT_PROJECT_VERSION = 1;
				DEVELOPMENT_TEAM = YVCLHPQGAW;
				GENERATE_INFOPLIST_FILE = YES;
				IPHONEOS_DEPLOYMENT_TARGET = 16.0;
				MACOSX_DEPLOYMENT_TARGET = 12.3;
				MARKETING_VERSION = 1.0;
				PRODUCT_BUNDLE_IDENTIFIER = TestUrl.com.TestUrlTests;
				PRODUCT_NAME = "$(TARGET_NAME)";
				SDKROOT = auto;
				SUPPORTED_PLATFORMS = "iphoneos iphonesimulator macosx";
				SWIFT_EMIT_LOC_STRINGS = NO;
				SWIFT_VERSION = 5.0;
				TARGETED_DEVICE_FAMILY = "1,2";
				TEST_HOST = "$(BUILT_PRODUCTS_DIR)/TestUrl.app/$(BUNDLE_EXECUTABLE_FOLDER_PATH)/TestUrl";
			};
			name = Debug;
		};
		98A17CA929D7E2A3004C1046 /* Release */ = {
			isa = XCBuildConfiguration;
			buildSettings = {
				ALWAYS_EMBED_SWIFT_STANDARD_LIBRARIES = YES;
				BUNDLE_LOADER = "$(TEST_HOST)";
				CODE_SIGN_STYLE = Automatic;
				CURRENT_PROJECT_VERSION = 1;
				DEVELOPMENT_TEAM = YVCLHPQGAW;
				GENERATE_INFOPLIST_FILE = YES;
				IPHONEOS_DEPLOYMENT_TARGET = 16.0;
				MACOSX_DEPLOYMENT_TARGET = 12.3;
				MARKETING_VERSION = 1.0;
				PRODUCT_BUNDLE_IDENTIFIER = TestUrl.com.TestUrlTests;
				PRODUCT_NAME = "$(TARGET_NAME)";
				SDKROOT = auto;
				SUPPORTED_PLATFORMS = "iphoneos iphonesimulator macosx";
				SWIFT_EMIT_LOC_STRINGS = NO;
				SWIFT_VERSION = 5.0;
				TARGETED_DEVICE_FAMILY = "1,2";
				TEST_HOST = "$(BUILT_PRODUCTS_DIR)/TestUrl.app/$(BUNDLE_EXECUTABLE_FOLDER_PATH)/TestUrl";
			};
			name = Release;
		};
		98A17CAB29D7E2A3004C1046 /* Debug */ = {
			isa = XCBuildConfiguration;
			buildSettings = {
				ALWAYS_EMBED_SWIFT_STANDARD_LIBRARIES = YES;
				CODE_SIGN_STYLE = Automatic;
				CURRENT_PROJECT_VERSION = 1;
				DEVELOPMENT_TEAM = YVCLHPQGAW;
				GENERATE_INFOPLIST_FILE = YES;
				IPHONEOS_DEPLOYMENT_TARGET = 16.0;
				MACOSX_DEPLOYMENT_TARGET = 12.3;
				MARKETING_VERSION = 1.0;
				PRODUCT_BUNDLE_IDENTIFIER = TestUrl.com.TestUrlUITests;
				PRODUCT_NAME = "$(TARGET_NAME)";
				SDKROOT = auto;
				SUPPORTED_PLATFORMS = "iphoneos iphonesimulator macosx";
				SWIFT_EMIT_LOC_STRINGS = NO;
				SWIFT_VERSION = 5.0;
				TARGETED_DEVICE_FAMILY = "1,2";
				TEST_TARGET_NAME = TestUrl;
			};
			name = Debug;
		};
		98A17CAC29D7E2A3004C1046 /* Release */ = {
			isa = XCBuildConfiguration;
			buildSettings = {
				ALWAYS_EMBED_SWIFT_STANDARD_LIBRARIES = YES;
				CODE_SIGN_STYLE = Automatic;
				CURRENT_PROJECT_VERSION = 1;
				DEVELOPMENT_TEAM = YVCLHPQGAW;
				GENERATE_INFOPLIST_FILE = YES;
				IPHONEOS_DEPLOYMENT_TARGET = 16.0;
				MACOSX_DEPLOYMENT_TARGET = 12.3;
				MARKETING_VERSION = 1.0;
				PRODUCT_BUNDLE_IDENTIFIER = TestUrl.com.TestUrlUITests;
				PRODUCT_NAME = "$(TARGET_NAME)";
				SDKROOT = auto;
				SUPPORTED_PLATFORMS = "iphoneos iphonesimulator macosx";
				SWIFT_EMIT_LOC_STRINGS = NO;
				SWIFT_VERSION = 5.0;
				TARGETED_DEVICE_FAMILY = "1,2";
				TEST_TARGET_NAME = TestUrl;
			};
			name = Release;
		};
/* End XCBuildConfiguration section */

/* Begin XCConfigurationList section */
		98A17C7A29D7E2A1004C1046 /* Build configuration list for PBXProject "TestUrl" */ = {
			isa = XCConfigurationList;
			buildConfigurations = (
				98A17CA229D7E2A3004C1046 /* Debug */,
				98A17CA329D7E2A3004C1046 /* Release */,
			);
			defaultConfigurationIsVisible = 0;
			defaultConfigurationName = Release;
		};
		98A17CA429D7E2A3004C1046 /* Build configuration list for PBXNativeTarget "TestUrl" */ = {
			isa = XCConfigurationList;
			buildConfigurations = (
				98A17CA529D7E2A3004C1046 /* Debug */,
				98A17CA629D7E2A3004C1046 /* Release */,
			);
			defaultConfigurationIsVisible = 0;
			defaultConfigurationName = Release;
		};
		98A17CA729D7E2A3004C1046 /* Build configuration list for PBXNativeTarget "TestUrlTests" */ = {
			isa = XCConfigurationList;
			buildConfigurations = (
				98A17CA829D7E2A3004C1046 /* Debug */,
				98A17CA929D7E2A3004C1046 /* Release */,
			);
			defaultConfigurationIsVisible = 0;
			defaultConfigurationName = Release;
		};
		98A17CAA29D7E2A3004C1046 /* Build configuration list for PBXNativeTarget "TestUrlUITests" */ = {
			isa = XCConfigurationList;
			buildConfigurations = (
				98A17CAB29D7E2A3004C1046 /* Debug */,
				98A17CAC29D7E2A3004C1046 /* Release */,
			);
			defaultConfigurationIsVisible = 0;
			defaultConfigurationName = Release;
		};
/* End XCConfigurationList section */
	};
	rootObject = 98A17C7729D7E2A1004C1046 /* Project object */;
}
